lockfileVersion: '9.0'

settings:
  autoInstallPeers: true
  excludeLinksFromLockfile: false

importers:

  .:
    devDependencies:
      typescript:
        specifier: ^5.9.3
        version: 5.9.3

  packages/shared:
    dependencies:
      '@life-track/tsconfig':
        specifier: workspace:^
        version: link:../tsconfig
      '@paralleldrive/cuid2':
        specifier: ^3.3.0
        version: 3.3.0
      zod:
        specifier: ^4.3.6
        version: 4.3.6

  packages/tsconfig: {}

packages:

  '@noble/hashes@2.0.1':
    resolution: {integrity: sha512-XlOlEbQcE9fmuXxrVTXCTlG2nlRXa9Rj3rr5Ue/+tX+nmkgbX720YHh0VR3hBF9xDvwnb8D2shVGOwNx+ulArw==}
    engines: {node: '>= 20.19.0'}

  '@paralleldrive/cuid2@3.3.0':
    resolution: {integrity: sha512-OqiFvSOF0dBSesELYY2CAMa4YINvlLpvKOz/rv6NeZEqiyttlHgv98Juwv4Ch+GrEV7IZ8jfI2VcEoYUjXXCjw==}
    hasBin: true

  bignumber.js@9.3.1:
    resolution: {integrity: sha512-Ko0uX15oIUS7wJ3Rb30Fs6SkVbLmPBAKdlm7q9+ak9bbIeFf0MwuBsQV6z7+X768/cHsfg+WlysDWJcmthjsjQ==}

  error-causes@3.0.2:
    resolution: {integrity: sha512-i0B8zq1dHL6mM85FGoxaJnVtx6LD5nL2v0hlpGdntg5FOSyzQ46c9lmz5qx0xRS2+PWHGOHcYxGIBC5Le2dRMw==}

  typescript@5.9.3:
    resolution: {integrity: sha512-jl1vZzPDinLr9eUt3J/t7V6FgNEw9QjvBPdysz9KfQDD41fQrC2Y4vKQdiaUpFT4bXlb1RHhLpp8wtm6M5TgSw==}
    engines: {node: '>=14.17'}
    hasBin: true

  zod@4.3.6:
    resolution: {integrity: sha512-rftlrkhHZOcjDwkGlnUtZZkvaPHCsDATp4pGpuOOMDaTdDDXF91wuVDJoWoPsKX/3YPQ5fHuF3STjcYyKr+Qhg==}

snapshots:

  '@noble/hashes@2.0.1': {}

  '@paralleldrive/cuid2@3.3.0':
    dependencies:
      '@noble/hashes': 2.0.1
      bignumber.js: 9.3.1
      error-causes: 3.0.2

  bignumber.js@9.3.1: {}

  error-causes@3.0.2: {}

  typescript@5.9.3: {}

  zod@4.3.6: {}
